
Microsoft Visual Studio Solution File, Format Version 12.00
# Visual Studio 2017
Project("{FAE04EC0-301F-11D3-BF4B-00C04F79EFBC}") = "First Project (5)", "First Project (5).csproj", "{8C607D95-AA1A-2DD7-16E4-D2415B79AA14}"
EndProject
Global
	GlobalSection(SolutionConfigurationPlatforms) = preSolution
		Debug|Any CPU = Debug|Any CPU
		Release|Any CPU = Release|Any CPU
	EndGlobalSection
	GlobalSection(ProjectConfigurationPlatforms) = postSolution
		{8C607D95-AA1A-2DD7-16E4-D2415B79AA14}.Debug|Any CPU.ActiveCfg = Debug|Any CPU
		{8C607D95-AA1A-2DD7-16E4-D2415B79AA14}.Debug|Any CPU.Build.0 = Debug|Any CPU
		{8C607D95-AA1A-2DD7-16E4-D2415B79AA14}.Release|Any CPU.ActiveCfg = Release|Any CPU
		{8C607D95-AA1A-2DD7-16E4-D2415B79AA14}.Release|Any CPU.Build.0 = Release|Any CPU
	EndGlobalSection
	GlobalSection(SolutionProperties) = preSolution
		HideSolutionNode = FALSE
	EndGlobalSection
EndGlobal
